
Microsoft Visual Studio Solution File, Format Version 12.00
# Visual Studio Version 17
VisualStudioVersion = 17.13.35825.156 d17.13
MinimumVisualStudioVersion = 10.0.40219.1
Project("{FAE04EC0-301F-11D3-BF4B-00C04F79EFBC}") = "Keyword Searching", "Keyword Searching\Keyword Searching.csproj", "{24157C8B-A9C7-4AB7-90F0-92077D4F9E43}"
EndProject
Global
	GlobalSection(SolutionConfigurationPlatforms) = preSolution
		Debug|Any CPU = Debug|Any CPU
		Release|Any CPU = Release|Any CPU
	EndGlobalSection
	GlobalSection(ProjectConfigurationPlatforms) = postSolution
		{24157C8B-A9C7-4AB7-90F0-92077D4F9E43}.Debug|Any CPU.ActiveCfg = Debug|Any CPU
		{24157C8B-A9C7-4AB7-90F0-92077D4F9E43}.Debug|Any CPU.Build.0 = Debug|Any CPU
		{24157C8B-A9C7-4AB7-90F0-92077D4F9E43}.Release|Any CPU.ActiveCfg = Release|Any CPU
		{24157C8B-A9C7-4AB7-90F0-92077D4F9E43}.Release|Any CPU.Build.0 = Release|Any CPU
	EndGlobalSection
	GlobalSection(SolutionProperties) = preSolution
		HideSolutionNode = FALSE
	EndGlobalSection
	GlobalSection(ExtensibilityGlobals) = postSolution
		SolutionGuid = {C5C5106B-EB40-43DA-B267-43B84C652B49}
	EndGlobalSection
EndGlobal
